// !$*UTF8*$!
{
	archiveVersion = 1;
	classes = {
	};
	objectVersion = 46;
	objects = {

/* Begin PBXBuildFile section */
		380237DB1C827DF300D4956C /* FavoriteCategoriesCoordinator.swift in Sources */ = {isa = PBXBuildFile; fileRef = 380237DA1C827DF300D4956C /* FavoriteCategoriesCoordinator.swift */; };
		380237DD1C827E8800D4956C /* FavoriteCategoriesViewController.swift in Sources */ = {isa = PBXBuildFile; fileRef = 380237DC1C827E8800D4956C /* FavoriteCategoriesViewController.swift */; };
		380237DF1C827F1000D4956C /* FavoriteCategoryViewModel.swift in Sources */ = {isa = PBXBuildFile; fileRef = 380237DE1C827F1000D4956C /* FavoriteCategoryViewModel.swift */; };
		3828F0751C7A6F9B0023E904 /* TableViewCell.swift in Sources */ = {isa = PBXBuildFile; fileRef = 3828F0741C7A6F9B0023E904 /* TableViewCell.swift */; };
		3830557D1C951704005DC906 /* StringExtensions.swift in Sources */ = {isa = PBXBuildFile; fileRef = 3830557C1C951704005DC906 /* StringExtensions.swift */; };
		383055801C95DD28005DC906 /* NavigationController.swift in Sources */ = {isa = PBXBuildFile; fileRef = 3830557F1C95DD28005DC906 /* NavigationController.swift */; };
		383F423B1C7A211C00B7C35A /* TranslationView.swift in Sources */ = {isa = PBXBuildFile; fileRef = 383F423A1C7A211C00B7C35A /* TranslationView.swift */; };
		3873D27C1C7D5FE100918AA7 /* Button.swift in Sources */ = {isa = PBXBuildFile; fileRef = 3873D27B1C7D5FE100918AA7 /* Button.swift */; };
		3873D27E1C7D633100918AA7 /* Label.swift in Sources */ = {isa = PBXBuildFile; fileRef = 3873D27D1C7D633100918AA7 /* Label.swift */; };
		389C3B341C8377E900F2A26E /* FavoriteCategoriesTableViewCell.swift in Sources */ = {isa = PBXBuildFile; fileRef = 389C3B331C8377E900F2A26E /* FavoriteCategoriesTableViewCell.swift */; };
		389C820F1C82B1E40075AEB6 /* FavoriteCategory.swift in Sources */ = {isa = PBXBuildFile; fileRef = 389C820E1C82B1E40075AEB6 /* FavoriteCategory.swift */; };
		389C82111C82BF150075AEB6 /* FavoriteCategoryStore.swift in Sources */ = {isa = PBXBuildFile; fileRef = 389C82101C82BF150075AEB6 /* FavoriteCategoryStore.swift */; };
		389C82131C82D49C0075AEB6 /* FavoriteCategoryStoreTests.swift in Sources */ = {isa = PBXBuildFile; fileRef = 389C82121C82D49C0075AEB6 /* FavoriteCategoryStoreTests.swift */; };
		38CFF10E1C9125BC000990AC /* FavoriteTableViewCell.swift in Sources */ = {isa = PBXBuildFile; fileRef = 38CFF10D1C9125BC000990AC /* FavoriteTableViewCell.swift */; };
		38CFF1101C912631000990AC /* FavoritesViewModel.swift in Sources */ = {isa = PBXBuildFile; fileRef = 38CFF10F1C912631000990AC /* FavoritesViewModel.swift */; };
		38CFF1121C9280C7000990AC /* FavoritesViewController.swift in Sources */ = {isa = PBXBuildFile; fileRef = 38CFF1111C9280C7000990AC /* FavoritesViewController.swift */; };
		38D0A1711C7D849B00AFEC33 /* Database.swift in Sources */ = {isa = PBXBuildFile; fileRef = 38D0A1701C7D849B00AFEC33 /* Database.swift */; };
		7EC9F47C1E1AAAEE00B0C82F /* TranslateKit.framework in Frameworks */ = {isa = PBXBuildFile; fileRef = 7EC9F4791E1AAAA200B0C82F /* TranslateKit.framework */; };
		7EC9F47D1E1AAAEE00B0C82F /* TranslateKit.framework in Embed Frameworks */ = {isa = PBXBuildFile; fileRef = 7EC9F4791E1AAAA200B0C82F /* TranslateKit.framework */; settings = {ATTRIBUTES = (CodeSignOnCopy, RemoveHeadersOnCopy, ); }; };
		D703C4021C92F8FF002B1535 /* CassetteLoader.swift in Sources */ = {isa = PBXBuildFile; fileRef = D703C4011C92F8FF002B1535 /* CassetteLoader.swift */; };
		D703C4071C930B20002B1535 /* favoriteCategoriesStore.json in Resources */ = {isa = PBXBuildFile; fileRef = D703C4051C930B20002B1535 /* favoriteCategoriesStore.json */; };
		D703C4081C930B20002B1535 /* translation.json in Resources */ = {isa = PBXBuildFile; fileRef = D703C4061C930B20002B1535 /* translation.json */; };
		D70A60161C72668B00A35A30 /* CloudKit.framework in Frameworks */ = {isa = PBXBuildFile; fileRef = D70A60151C72668B00A35A30 /* CloudKit.framework */; };
		D70A601D1C72AC1100A35A30 /* WordTableViewCell.swift in Sources */ = {isa = PBXBuildFile; fileRef = D70A601C1C72AC1100A35A30 /* WordTableViewCell.swift */; };
		D70A601F1C72B0F000A35A30 /* WordViewModel.swift in Sources */ = {isa = PBXBuildFile; fileRef = D70A601E1C72B0F000A35A30 /* WordViewModel.swift */; };
		D70D72BE1C6FD7FA005A722E /* WindowController.swift in Sources */ = {isa = PBXBuildFile; fileRef = D70D72BD1C6FD7FA005A722E /* WindowController.swift */; };
		D70D72D31C6FD7FA005A722E /* weTranslateTests.swift in Sources */ = {isa = PBXBuildFile; fileRef = D70D72D21C6FD7FA005A722E /* weTranslateTests.swift */; };
		D73E9F571C952C42005CF3F2 /* TranslationViewModel.swift in Sources */ = {isa = PBXBuildFile; fileRef = D73E9F561C952C42005CF3F2 /* TranslationViewModel.swift */; };
		D73E9F591C95C4AA005CF3F2 /* TranslationViewController.swift in Sources */ = {isa = PBXBuildFile; fileRef = D73E9F581C95C4AA005CF3F2 /* TranslationViewController.swift */; };
		D73E9F5B1C961157005CF3F2 /* FavoriteDetailViewController.swift in Sources */ = {isa = PBXBuildFile; fileRef = D73E9F5A1C961157005CF3F2 /* FavoriteDetailViewController.swift */; };
		D753A3E21C81835C0077ED64 /* Assets.xcassets in Resources */ = {isa = PBXBuildFile; fileRef = D753A3DC1C81835C0077ED64 /* Assets.xcassets */; };
		D753A3E31C81835C0077ED64 /* LaunchScreen.storyboard in Resources */ = {isa = PBXBuildFile; fileRef = D753A3DD1C81835C0077ED64 /* LaunchScreen.storyboard */; };
		D753A3E51C81835C0077ED64 /* Localizable.strings in Resources */ = {isa = PBXBuildFile; fileRef = D753A3E01C81835C0077ED64 /* Localizable.strings */; };
		D753A3E61C81835C0077ED64 /* weTranslate.entitlements in Resources */ = {isa = PBXBuildFile; fileRef = D753A3E11C81835C0077ED64 /* weTranslate.entitlements */; };
		D7652CAB1C72D30600D7E709 /* UITableViewCellExtensions.swift in Sources */ = {isa = PBXBuildFile; fileRef = D7652CAA1C72D30600D7E709 /* UITableViewCellExtensions.swift */; };
		D77C65551C79033500622275 /* SearchHeaderView.swift in Sources */ = {isa = PBXBuildFile; fileRef = D77C65541C79033500622275 /* SearchHeaderView.swift */; };
		D77C65581C79805600622275 /* Color.swift in Sources */ = {isa = PBXBuildFile; fileRef = D77C65571C79805600622275 /* Color.swift */; };
		D77C655A1C7987D900622275 /* Font.swift in Sources */ = {isa = PBXBuildFile; fileRef = D77C65591C7987D900622275 /* Font.swift */; };
		D77C655C1C7A118400622275 /* SearchHeaderViewController.swift in Sources */ = {isa = PBXBuildFile; fileRef = D77C655B1C7A118400622275 /* SearchHeaderViewController.swift */; };
		D77C655E1C7A576000622275 /* SearchHeaderViewModel.swift in Sources */ = {isa = PBXBuildFile; fileRef = D77C655D1C7A576000622275 /* SearchHeaderViewModel.swift */; };
		D77C65601C7A5BE400622275 /* Animation.swift in Sources */ = {isa = PBXBuildFile; fileRef = D77C655F1C7A5BE400622275 /* Animation.swift */; };
		D77E50971D4D66110077404E /* FavoriteTableViewCell.xib in Resources */ = {isa = PBXBuildFile; fileRef = D77E50961D4D66110077404E /* FavoriteTableViewCell.xib */; };
		D787213C1C83CBD200F7D5DB /* NoResultViewModel.swift in Sources */ = {isa = PBXBuildFile; fileRef = D787213B1C83CBD200F7D5DB /* NoResultViewModel.swift */; };
		D78780CB1C835BFB0038F177 /* LoadingTableViewCell.swift in Sources */ = {isa = PBXBuildFile; fileRef = D78780CA1C835BFB0038F177 /* LoadingTableViewCell.swift */; };
		D78780CD1C8362700038F177 /* NoResultView.swift in Sources */ = {isa = PBXBuildFile; fileRef = D78780CC1C8362700038F177 /* NoResultView.swift */; };
		D7AC76ED1C6FF0D200AF540A /* AppCoordinator.swift in Sources */ = {isa = PBXBuildFile; fileRef = D7AC76EC1C6FF0D200AF540A /* AppCoordinator.swift */; };
		D7AC76F11C70EDF400AF540A /* TabBarController.swift in Sources */ = {isa = PBXBuildFile; fileRef = D7AC76F01C70EDF400AF540A /* TabBarController.swift */; };
		D7AC76F31C710C1600AF540A /* SearchViewController.swift in Sources */ = {isa = PBXBuildFile; fileRef = D7AC76F21C710C1600AF540A /* SearchViewController.swift */; };
		D7AC76F51C7113A700AF540A /* SearchCoordinator.swift in Sources */ = {isa = PBXBuildFile; fileRef = D7AC76F41C7113A700AF540A /* SearchCoordinator.swift */; };
		D7AC76F71C71267A00AF540A /* CoordinatorType.swift in Sources */ = {isa = PBXBuildFile; fileRef = D7AC76F61C71267A00AF540A /* CoordinatorType.swift */; };
		D7DFF54D1C8256E5001BFAAC /* Configuration.plist in Resources */ = {isa = PBXBuildFile; fileRef = D7DFF54C1C8256E5001BFAAC /* Configuration.plist */; };
		D7DFF54F1C8276E8001BFAAC /* ConfigurationTests.swift in Sources */ = {isa = PBXBuildFile; fileRef = D7DFF54E1C8276E8001BFAAC /* ConfigurationTests.swift */; };
		D7DFF5511C828545001BFAAC /* Localize.swift in Sources */ = {isa = PBXBuildFile; fileRef = D7DFF5501C828545001BFAAC /* Localize.swift */; };
/* End PBXBuildFile section */

/* Begin PBXContainerItemProxy section */
		7EC9F4781E1AAAA200B0C82F /* PBXContainerItemProxy */ = {
			isa = PBXContainerItemProxy;
			containerPortal = 7EC9F4731E1AAAA200B0C82F /* TranslateKit.xcodeproj */;
			proxyType = 2;
			remoteGlobalIDString = D7C964231C53D7E0007B7BB7;
			remoteInfo = TranslateKit;
		};
		7EC9F47A1E1AAAA200B0C82F /* PBXContainerItemProxy */ = {
			isa = PBXContainerItemProxy;
			containerPortal = 7EC9F4731E1AAAA200B0C82F /* TranslateKit.xcodeproj */;
			proxyType = 2;
			remoteGlobalIDString = D7C9642D1C53D7E1007B7BB7;
			remoteInfo = TranslateKitTests;
		};
		7EC9F47E1E1AAAEE00B0C82F /* PBXContainerItemProxy */ = {
			isa = PBXContainerItemProxy;
			containerPortal = 7EC9F4731E1AAAA200B0C82F /* TranslateKit.xcodeproj */;
			proxyType = 1;
			remoteGlobalIDString = D7C964221C53D7E0007B7BB7;
			remoteInfo = TranslateKit;
		};
		D70D72CF1C6FD7FA005A722E /* PBXContainerItemProxy */ = {
			isa = PBXContainerItemProxy;
			containerPortal = D70D72B21C6FD7FA005A722E /* Project object */;
			proxyType = 1;
			remoteGlobalIDString = D70D72B91C6FD7FA005A722E;
			remoteInfo = weTranslate;
		};
/* End PBXContainerItemProxy section */

/* Begin PBXCopyFilesBuildPhase section */
		7EC9F4801E1AAAEE00B0C82F /* Embed Frameworks */ = {
			isa = PBXCopyFilesBuildPhase;
			buildActionMask = 2147483647;
			dstPath = "";
			dstSubfolderSpec = 10;
			files = (
				7EC9F47D1E1AAAEE00B0C82F /* TranslateKit.framework in Embed Frameworks */,
			);
			name = "Embed Frameworks";
			runOnlyForDeploymentPostprocessing = 0;
		};
/* End PBXCopyFilesBuildPhase section */

/* Begin PBXFileReference section */
		380237DA1C827DF300D4956C /* FavoriteCategoriesCoordinator.swift */ = {isa = PBXFileReference; fileEncoding = 4; lastKnownFileType = sourcecode.swift; path = FavoriteCategoriesCoordinator.swift; sourceTree = "<group>"; };
		380237DC1C827E8800D4956C /* FavoriteCategoriesViewController.swift */ = {isa = PBXFileReference; fileEncoding = 4; lastKnownFileType = sourcecode.swift; path = FavoriteCategoriesViewController.swift; sourceTree = "<group>"; };
		380237DE1C827F1000D4956C /* FavoriteCategoryViewModel.swift */ = {isa = PBXFileReference; fileEncoding = 4; lastKnownFileType = sourcecode.swift; path = FavoriteCategoryViewModel.swift; sourceTree = "<group>"; };
		3828F0741C7A6F9B0023E904 /* TableViewCell.swift */ = {isa = PBXFileReference; fileEncoding = 4; lastKnownFileType = sourcecode.swift; path = TableViewCell.swift; sourceTree = "<group>"; };
		382BA5211C743101002CF118 /* TranslateKit.framework */ = {isa = PBXFileReference; lastKnownFileType = wrapper.framework; name = TranslateKit.framework; path = Carthage/Build/iOS/TranslateKit.framework; sourceTree = "<group>"; };
		3830557C1C951704005DC906 /* StringExtensions.swift */ = {isa = PBXFileReference; fileEncoding = 4; lastKnownFileType = sourcecode.swift; path = StringExtensions.swift; sourceTree = "<group>"; };
		3830557F1C95DD28005DC906 /* NavigationController.swift */ = {isa = PBXFileReference; fileEncoding = 4; lastKnownFileType = sourcecode.swift; path = NavigationController.swift; sourceTree = "<group>"; };
		383F423A1C7A211C00B7C35A /* TranslationView.swift */ = {isa = PBXFileReference; fileEncoding = 4; lastKnownFileType = sourcecode.swift; path = TranslationView.swift; sourceTree = "<group>"; };
		3873D27B1C7D5FE100918AA7 /* Button.swift */ = {isa = PBXFileReference; fileEncoding = 4; lastKnownFileType = sourcecode.swift; path = Button.swift; sourceTree = "<group>"; };
		3873D27D1C7D633100918AA7 /* Label.swift */ = {isa = PBXFileReference; fileEncoding = 4; lastKnownFileType = sourcecode.swift; path = Label.swift; sourceTree = "<group>"; };
		389C3B331C8377E900F2A26E /* FavoriteCategoriesTableViewCell.swift */ = {isa = PBXFileReference; fileEncoding = 4; lastKnownFileType = sourcecode.swift; path = FavoriteCategoriesTableViewCell.swift; sourceTree = "<group>"; };
		389C820E1C82B1E40075AEB6 /* FavoriteCategory.swift */ = {isa = PBXFileReference; fileEncoding = 4; lastKnownFileType = sourcecode.swift; path = FavoriteCategory.swift; sourceTree = "<group>"; };
		389C82101C82BF150075AEB6 /* FavoriteCategoryStore.swift */ = {isa = PBXFileReference; fileEncoding = 4; lastKnownFileType = sourcecode.swift; path = FavoriteCategoryStore.swift; sourceTree = "<group>"; };
		389C82121C82D49C0075AEB6 /* FavoriteCategoryStoreTests.swift */ = {isa = PBXFileReference; fileEncoding = 4; lastKnownFileType = sourcecode.swift; path = FavoriteCategoryStoreTests.swift; sourceTree = "<group>"; };
		38CFF10D1C9125BC000990AC /* FavoriteTableViewCell.swift */ = {isa = PBXFileReference; fileEncoding = 4; lastKnownFileType = sourcecode.swift; path = FavoriteTableViewCell.swift; sourceTree = "<group>"; };
		38CFF10F1C912631000990AC /* FavoritesViewModel.swift */ = {isa = PBXFileReference; fileEncoding = 4; lastKnownFileType = sourcecode.swift; path = FavoritesViewModel.swift; sourceTree = "<group>"; };
		38CFF1111C9280C7000990AC /* FavoritesViewController.swift */ = {isa = PBXFileReference; fileEncoding = 4; lastKnownFileType = sourcecode.swift; path = FavoritesViewController.swift; sourceTree = "<group>"; };
		38D0A1701C7D849B00AFEC33 /* Database.swift */ = {isa = PBXFileReference; fileEncoding = 4; lastKnownFileType = sourcecode.swift; path = Database.swift; sourceTree = "<group>"; };
		7EC9F4731E1AAAA200B0C82F /* TranslateKit.xcodeproj */ = {isa = PBXFileReference; lastKnownFileType = "wrapper.pb-project"; name = TranslateKit.xcodeproj; path = Carthage/Checkouts/TranslateKit/TranslateKit.xcodeproj; sourceTree = "<group>"; };
		D703C4011C92F8FF002B1535 /* CassetteLoader.swift */ = {isa = PBXFileReference; fileEncoding = 4; lastKnownFileType = sourcecode.swift; path = CassetteLoader.swift; sourceTree = "<group>"; };
		D703C4051C930B20002B1535 /* favoriteCategoriesStore.json */ = {isa = PBXFileReference; fileEncoding = 4; lastKnownFileType = text.json; path = favoriteCategoriesStore.json; sourceTree = "<group>"; };
		D703C4061C930B20002B1535 /* translation.json */ = {isa = PBXFileReference; fileEncoding = 4; lastKnownFileType = text.json; path = translation.json; sourceTree = "<group>"; };
		D70A60151C72668B00A35A30 /* CloudKit.framework */ = {isa = PBXFileReference; lastKnownFileType = wrapper.framework; name = CloudKit.framework; path = System/Library/Frameworks/CloudKit.framework; sourceTree = SDKROOT; };
		D70A601C1C72AC1100A35A30 /* WordTableViewCell.swift */ = {isa = PBXFileReference; fileEncoding = 4; lastKnownFileType = sourcecode.swift; path = WordTableViewCell.swift; sourceTree = "<group>"; };
		D70A601E1C72B0F000A35A30 /* WordViewModel.swift */ = {isa = PBXFileReference; fileEncoding = 4; lastKnownFileType = sourcecode.swift; path = WordViewModel.swift; sourceTree = "<group>"; };
		D70D72BA1C6FD7FA005A722E /* weTranslate.app */ = {isa = PBXFileReference; explicitFileType = wrapper.application; includeInIndex = 0; path = weTranslate.app; sourceTree = BUILT_PRODUCTS_DIR; };
		D70D72BD1C6FD7FA005A722E /* WindowController.swift */ = {isa = PBXFileReference; lastKnownFileType = sourcecode.swift; path = WindowController.swift; sourceTree = "<group>"; };
		D70D72CE1C6FD7FA005A722E /* weTranslateTests.xctest */ = {isa = PBXFileReference; explicitFileType = wrapper.cfbundle; includeInIndex = 0; path = weTranslateTests.xctest; sourceTree = BUILT_PRODUCTS_DIR; };
		D70D72D21C6FD7FA005A722E /* weTranslateTests.swift */ = {isa = PBXFileReference; lastKnownFileType = sourcecode.swift; path = weTranslateTests.swift; sourceTree = "<group>"; };
		D70D72D41C6FD7FA005A722E /* Info.plist */ = {isa = PBXFileReference; lastKnownFileType = text.plist.xml; path = Info.plist; sourceTree = "<group>"; };
		D73E9F561C952C42005CF3F2 /* TranslationViewModel.swift */ = {isa = PBXFileReference; fileEncoding = 4; lastKnownFileType = sourcecode.swift; path = TranslationViewModel.swift; sourceTree = "<group>"; };
		D73E9F581C95C4AA005CF3F2 /* TranslationViewController.swift */ = {isa = PBXFileReference; fileEncoding = 4; lastKnownFileType = sourcecode.swift; path = TranslationViewController.swift; sourceTree = "<group>"; };
		D73E9F5A1C961157005CF3F2 /* FavoriteDetailViewController.swift */ = {isa = PBXFileReference; fileEncoding = 4; lastKnownFileType = sourcecode.swift; path = FavoriteDetailViewController.swift; sourceTree = "<group>"; };
		D753A3DC1C81835C0077ED64 /* Assets.xcassets */ = {isa = PBXFileReference; lastKnownFileType = folder.assetcatalog; path = Assets.xcassets; sourceTree = "<group>"; };
		D753A3DE1C81835C0077ED64 /* Base */ = {isa = PBXFileReference; lastKnownFileType = file.storyboard; name = Base; path = Base.lproj/LaunchScreen.storyboard; sourceTree = "<group>"; };
		D753A3DF1C81835C0077ED64 /* Info.plist */ = {isa = PBXFileReference; fileEncoding = 4; lastKnownFileType = text.plist.xml; path = Info.plist; sourceTree = "<group>"; };
		D753A3E01C81835C0077ED64 /* Localizable.strings */ = {isa = PBXFileReference; fileEncoding = 4; lastKnownFileType = text.plist.strings; path = Localizable.strings; sourceTree = "<group>"; };
		D753A3E11C81835C0077ED64 /* weTranslate.entitlements */ = {isa = PBXFileReference; fileEncoding = 4; lastKnownFileType = text.xml; path = weTranslate.entitlements; sourceTree = "<group>"; };
		D7652CAA1C72D30600D7E709 /* UITableViewCellExtensions.swift */ = {isa = PBXFileReference; fileEncoding = 4; lastKnownFileType = sourcecode.swift; path = UITableViewCellExtensions.swift; sourceTree = "<group>"; };
		D77C65541C79033500622275 /* SearchHeaderView.swift */ = {isa = PBXFileReference; fileEncoding = 4; lastKnownFileType = sourcecode.swift; path = SearchHeaderView.swift; sourceTree = "<group>"; };
		D77C65571C79805600622275 /* Color.swift */ = {isa = PBXFileReference; fileEncoding = 4; lastKnownFileType = sourcecode.swift; path = Color.swift; sourceTree = "<group>"; };
		D77C65591C7987D900622275 /* Font.swift */ = {isa = PBXFileReference; fileEncoding = 4; lastKnownFileType = sourcecode.swift; path = Font.swift; sourceTree = "<group>"; };
		D77C655B1C7A118400622275 /* SearchHeaderViewController.swift */ = {isa = PBXFileReference; fileEncoding = 4; lastKnownFileType = sourcecode.swift; path = SearchHeaderViewController.swift; sourceTree = "<group>"; };
		D77C655D1C7A576000622275 /* SearchHeaderViewModel.swift */ = {isa = PBXFileReference; fileEncoding = 4; lastKnownFileType = sourcecode.swift; path = SearchHeaderViewModel.swift; sourceTree = "<group>"; };
		D77C655F1C7A5BE400622275 /* Animation.swift */ = {isa = PBXFileReference; fileEncoding = 4; lastKnownFileType = sourcecode.swift; path = Animation.swift; sourceTree = "<group>"; };
		D77E50961D4D66110077404E /* FavoriteTableViewCell.xib */ = {isa = PBXFileReference; fileEncoding = 4; lastKnownFileType = file.xib; path = FavoriteTableViewCell.xib; sourceTree = "<group>"; };
		D787213B1C83CBD200F7D5DB /* NoResultViewModel.swift */ = {isa = PBXFileReference; fileEncoding = 4; lastKnownFileType = sourcecode.swift; path = NoResultViewModel.swift; sourceTree = "<group>"; };
		D78780CA1C835BFB0038F177 /* LoadingTableViewCell.swift */ = {isa = PBXFileReference; fileEncoding = 4; lastKnownFileType = sourcecode.swift; path = LoadingTableViewCell.swift; sourceTree = "<group>"; };
		D78780CC1C8362700038F177 /* NoResultView.swift */ = {isa = PBXFileReference; fileEncoding = 4; lastKnownFileType = sourcecode.swift; path = NoResultView.swift; sourceTree = "<group>"; };
		D7AC76EC1C6FF0D200AF540A /* AppCoordinator.swift */ = {isa = PBXFileReference; fileEncoding = 4; lastKnownFileType = sourcecode.swift; path = AppCoordinator.swift; sourceTree = "<group>"; };
		D7AC76F01C70EDF400AF540A /* TabBarController.swift */ = {isa = PBXFileReference; fileEncoding = 4; lastKnownFileType = sourcecode.swift; path = TabBarController.swift; sourceTree = "<group>"; };
		D7AC76F21C710C1600AF540A /* SearchViewController.swift */ = {isa = PBXFileReference; fileEncoding = 4; lastKnownFileType = sourcecode.swift; path = SearchViewController.swift; sourceTree = "<group>"; };
		D7AC76F41C7113A700AF540A /* SearchCoordinator.swift */ = {isa = PBXFileReference; fileEncoding = 4; lastKnownFileType = sourcecode.swift; path = SearchCoordinator.swift; sourceTree = "<group>"; };
		D7AC76F61C71267A00AF540A /* CoordinatorType.swift */ = {isa = PBXFileReference; fileEncoding = 4; lastKnownFileType = sourcecode.swift; path = CoordinatorType.swift; sourceTree = "<group>"; };
		D7DFF54C1C8256E5001BFAAC /* Configuration.plist */ = {isa = PBXFileReference; fileEncoding = 4; lastKnownFileType = text.plist.xml; path = Configuration.plist; sourceTree = "<group>"; };
		D7DFF54E1C8276E8001BFAAC /* ConfigurationTests.swift */ = {isa = PBXFileReference; fileEncoding = 4; lastKnownFileType = sourcecode.swift; path = ConfigurationTests.swift; sourceTree = "<group>"; };
		D7DFF5501C828545001BFAAC /* Localize.swift */ = {isa = PBXFileReference; fileEncoding = 4; lastKnownFileType = sourcecode.swift; path = Localize.swift; sourceTree = "<group>"; };
/* End PBXFileReference section */

/* Begin PBXFrameworksBuildPhase section */
		D70D72B71C6FD7FA005A722E /* Frameworks */ = {
			isa = PBXFrameworksBuildPhase;
			buildActionMask = 2147483647;
			files = (
				7EC9F47C1E1AAAEE00B0C82F /* TranslateKit.framework in Frameworks */,
				D70A60161C72668B00A35A30 /* CloudKit.framework in Frameworks */,
			);
			runOnlyForDeploymentPostprocessing = 0;
		};
		D70D72CB1C6FD7FA005A722E /* Frameworks */ = {
			isa = PBXFrameworksBuildPhase;
			buildActionMask = 2147483647;
			files = (
			);
			runOnlyForDeploymentPostprocessing = 0;
		};
/* End PBXFrameworksBuildPhase section */

/* Begin PBXGroup section */
		3828F0721C7A6F730023E904 /* Styles */ = {
			isa = PBXGroup;
			children = (
				D77C65571C79805600622275 /* Color.swift */,
				D77C65591C7987D900622275 /* Font.swift */,
			);
			name = Styles;
			sourceTree = "<group>";
		};
		3828F0731C7A6F840023E904 /* Views */ = {
			isa = PBXGroup;
			children = (
				3828F0741C7A6F9B0023E904 /* TableViewCell.swift */,
				3873D27B1C7D5FE100918AA7 /* Button.swift */,
				3873D27D1C7D633100918AA7 /* Label.swift */,
			);
			name = Views;
			sourceTree = "<group>";
		};
		3830557E1C95DCFE005DC906 /* ViewControllers */ = {
			isa = PBXGroup;
			children = (
				3830557F1C95DD28005DC906 /* NavigationController.swift */,
			);
			name = ViewControllers;
			sourceTree = "<group>";
		};
		3870AE651C9516CD008A48DF /* Extensions */ = {
			isa = PBXGroup;
			children = (
				3830557C1C951704005DC906 /* StringExtensions.swift */,
				D7652CAA1C72D30600D7E709 /* UITableViewCellExtensions.swift */,
			);
			name = Extensions;
			sourceTree = "<group>";
		};
		389C3B351C837BFD00F2A26E /* Cells */ = {
			isa = PBXGroup;
			children = (
				D77E50961D4D66110077404E /* FavoriteTableViewCell.xib */,
				389C3B331C8377E900F2A26E /* FavoriteCategoriesTableViewCell.swift */,
				38CFF10D1C9125BC000990AC /* FavoriteTableViewCell.swift */,
			);
			name = Cells;
			sourceTree = "<group>";
		};
		389C820D1C82B1310075AEB6 /* Models */ = {
			isa = PBXGroup;
			children = (
				389C820E1C82B1E40075AEB6 /* FavoriteCategory.swift */,
			);
			name = Models;
			sourceTree = "<group>";
		};
		389C82141C82D6B80075AEB6 /* Cassettes */ = {
			isa = PBXGroup;
			children = (
				D703C4051C930B20002B1535 /* favoriteCategoriesStore.json */,
				D703C4061C930B20002B1535 /* translation.json */,
			);
			path = Cassettes;
			sourceTree = "<group>";
		};
		38D0A16F1C7D847900AFEC33 /* Store */ = {
			isa = PBXGroup;
			children = (
				38D0A1701C7D849B00AFEC33 /* Database.swift */,
				389C82101C82BF150075AEB6 /* FavoriteCategoryStore.swift */,
			);
			name = Store;
			sourceTree = "<group>";
		};
		7EC9F4741E1AAAA200B0C82F /* Products */ = {
			isa = PBXGroup;
			children = (
				7EC9F4791E1AAAA200B0C82F /* TranslateKit.framework */,
				7EC9F47B1E1AAAA200B0C82F /* TranslateKitTests.xctest */,
			);
			name = Products;
			sourceTree = "<group>";
		};
		D70A60171C726C7500A35A30 /* Frameworks */ = {
			isa = PBXGroup;
			children = (
				7EC9F4731E1AAAA200B0C82F /* TranslateKit.xcodeproj */,
				D70A60151C72668B00A35A30 /* CloudKit.framework */,
				382BA5211C743101002CF118 /* TranslateKit.framework */,
			);
			name = Frameworks;
			sourceTree = "<group>";
		};
		D70A60181C728CB200A35A30 /* ViewModels */ = {
			isa = PBXGroup;
			children = (
				D73E9F561C952C42005CF3F2 /* TranslationViewModel.swift */,
				D70A601E1C72B0F000A35A30 /* WordViewModel.swift */,
				D77C655D1C7A576000622275 /* SearchHeaderViewModel.swift */,
				380237DE1C827F1000D4956C /* FavoriteCategoryViewModel.swift */,
				D787213B1C83CBD200F7D5DB /* NoResultViewModel.swift */,
				38CFF10F1C912631000990AC /* FavoritesViewModel.swift */,
			);
			name = ViewModels;
			sourceTree = "<group>";
		};
		D70A601B1C72AB8E00A35A30 /* Views */ = {
			isa = PBXGroup;
			children = (
				389C3B351C837BFD00F2A26E /* Cells */,
				D77C65541C79033500622275 /* SearchHeaderView.swift */,
				383F423A1C7A211C00B7C35A /* TranslationView.swift */,
				D78780CC1C8362700038F177 /* NoResultView.swift */,
				D70A601C1C72AC1100A35A30 /* WordTableViewCell.swift */,
				D78780CA1C835BFB0038F177 /* LoadingTableViewCell.swift */,
			);
			name = Views;
			sourceTree = "<group>";
		};
		D70D72B11C6FD7FA005A722E = {
			isa = PBXGroup;
			children = (
				D70D72BC1C6FD7FA005A722E /* weTranslate */,
				D70D72D11C6FD7FA005A722E /* weTranslateTests */,
				D70A60171C726C7500A35A30 /* Frameworks */,
				D70D72BB1C6FD7FA005A722E /* Products */,
			);
			sourceTree = "<group>";
		};
		D70D72BB1C6FD7FA005A722E /* Products */ = {
			isa = PBXGroup;
			children = (
				D70D72BA1C6FD7FA005A722E /* weTranslate.app */,
				D70D72CE1C6FD7FA005A722E /* weTranslateTests.xctest */,
			);
			name = Products;
			sourceTree = "<group>";
		};
		D70D72BC1C6FD7FA005A722E /* weTranslate */ = {
			isa = PBXGroup;
			children = (
				389C820D1C82B1310075AEB6 /* Models */,
				38D0A16F1C7D847900AFEC33 /* Store */,
				D7AC76F91C71707B00AF540A /* Application */,
				D7AC76EB1C6FF0B500AF540A /* Coordinators */,
				D7AC76F81C71704C00AF540A /* ViewControllers */,
				D70A60181C728CB200A35A30 /* ViewModels */,
				D70A601B1C72AB8E00A35A30 /* Views */,
				D77C65561C79803E00622275 /* Shared */,
				D753A3DB1C81835C0077ED64 /* Resources */,
			);
			path = weTranslate;
			sourceTree = "<group>";
		};
		D70D72D11C6FD7FA005A722E /* weTranslateTests */ = {
			isa = PBXGroup;
			children = (
				389C82141C82D6B80075AEB6 /* Cassettes */,
				389C82121C82D49C0075AEB6 /* FavoriteCategoryStoreTests.swift */,
				D70D72D21C6FD7FA005A722E /* weTranslateTests.swift */,
				D70D72D41C6FD7FA005A722E /* Info.plist */,
				D7DFF54E1C8276E8001BFAAC /* ConfigurationTests.swift */,
				D703C4011C92F8FF002B1535 /* CassetteLoader.swift */,
			);
			path = weTranslateTests;
			sourceTree = "<group>";
		};
		D753A3DB1C81835C0077ED64 /* Resources */ = {
			isa = PBXGroup;
			children = (
				D753A3DC1C81835C0077ED64 /* Assets.xcassets */,
				D753A3DD1C81835C0077ED64 /* LaunchScreen.storyboard */,
				D753A3DF1C81835C0077ED64 /* Info.plist */,
				D753A3E01C81835C0077ED64 /* Localizable.strings */,
				D753A3E11C81835C0077ED64 /* weTranslate.entitlements */,
				D7DFF54C1C8256E5001BFAAC /* Configuration.plist */,
			);
			path = Resources;
			sourceTree = "<group>";
		};
		D77C65561C79803E00622275 /* Shared */ = {
			isa = PBXGroup;
			children = (
				3870AE651C9516CD008A48DF /* Extensions */,
				3828F0721C7A6F730023E904 /* Styles */,
				3828F0731C7A6F840023E904 /* Views */,
				3830557E1C95DCFE005DC906 /* ViewControllers */,
				D77C655F1C7A5BE400622275 /* Animation.swift */,
				D7DFF5501C828545001BFAAC /* Localize.swift */,
			);
			name = Shared;
			sourceTree = "<group>";
		};
		D7AC76EB1C6FF0B500AF540A /* Coordinators */ = {
			isa = PBXGroup;
			children = (
				D7AC76F61C71267A00AF540A /* CoordinatorType.swift */,
				D7AC76EC1C6FF0D200AF540A /* AppCoordinator.swift */,
				D7AC76F41C7113A700AF540A /* SearchCoordinator.swift */,
				380237DA1C827DF300D4956C /* FavoriteCategoriesCoordinator.swift */,
			);
			name = Coordinators;
			sourceTree = "<group>";
		};
		D7AC76F81C71704C00AF540A /* ViewControllers */ = {
			isa = PBXGroup;
			children = (
				D7AC76F01C70EDF400AF540A /* TabBarController.swift */,
				D7AC76F21C710C1600AF540A /* SearchViewController.swift */,
				D77C655B1C7A118400622275 /* SearchHeaderViewController.swift */,
				D73E9F581C95C4AA005CF3F2 /* TranslationViewController.swift */,
				380237DC1C827E8800D4956C /* FavoriteCategoriesViewController.swift */,
				38CFF1111C9280C7000990AC /* FavoritesViewController.swift */,
				D73E9F5A1C961157005CF3F2 /* FavoriteDetailViewController.swift */,
			);
			name = ViewControllers;
			sourceTree = "<group>";
		};
		D7AC76F91C71707B00AF540A /* Application */ = {
			isa = PBXGroup;
			children = (
				D70D72BD1C6FD7FA005A722E /* WindowController.swift */,
			);
			name = Application;
			sourceTree = "<group>";
		};
/* End PBXGroup section */

/* Begin PBXNativeTarget section */
		D70D72B91C6FD7FA005A722E /* weTranslate */ = {
			isa = PBXNativeTarget;
			buildConfigurationList = D70D72E21C6FD7FA005A722E /* Build configuration list for PBXNativeTarget "weTranslate" */;
			buildPhases = (
				D70D72B61C6FD7FA005A722E /* Sources */,
				D70D72B71C6FD7FA005A722E /* Frameworks */,
				D70D72B81C6FD7FA005A722E /* Resources */,
				D753A3D81C8182420077ED64 /* SwiftLint */,
				7EC9F4801E1AAAEE00B0C82F /* Embed Frameworks */,
			);
			buildRules = (
			);
			dependencies = (
				7EC9F47F1E1AAAEE00B0C82F /* PBXTargetDependency */,
			);
			name = weTranslate;
			productName = weTranslate;
			productReference = D70D72BA1C6FD7FA005A722E /* weTranslate.app */;
			productType = "com.apple.product-type.application";
		};
		D70D72CD1C6FD7FA005A722E /* weTranslateTests */ = {
			isa = PBXNativeTarget;
			buildConfigurationList = D70D72E51C6FD7FA005A722E /* Build configuration list for PBXNativeTarget "weTranslateTests" */;
			buildPhases = (
				D70D72CA1C6FD7FA005A722E /* Sources */,
				D70D72CB1C6FD7FA005A722E /* Frameworks */,
				D70D72CC1C6FD7FA005A722E /* Resources */,
			);
			buildRules = (
			);
			dependencies = (
				D70D72D01C6FD7FA005A722E /* PBXTargetDependency */,
			);
			name = weTranslateTests;
			productName = weTranslateTests;
			productReference = D70D72CE1C6FD7FA005A722E /* weTranslateTests.xctest */;
			productType = "com.apple.product-type.bundle.unit-test";
		};
/* End PBXNativeTarget section */

/* Begin PBXProject section */
		D70D72B21C6FD7FA005A722E /* Project object */ = {
			isa = PBXProject;
			attributes = {
				LastSwiftUpdateCheck = 0710;
				LastUpgradeCheck = 0710;
				ORGANIZATIONNAME = weTranslate;
				TargetAttributes = {
					D70D72B91C6FD7FA005A722E = {
						CreatedOnToolsVersion = 7.1.1;
						DevelopmentTeam = 55M9M2TX7A;
						SystemCapabilities = {
							com.apple.iCloud = {
								enabled = 1;
							};
						};
					};
					D70D72CD1C6FD7FA005A722E = {
						CreatedOnToolsVersion = 7.1.1;
						TestTargetID = D70D72B91C6FD7FA005A722E;
					};
				};
			};
			buildConfigurationList = D70D72B51C6FD7FA005A722E /* Build configuration list for PBXProject "weTranslate" */;
			compatibilityVersion = "Xcode 3.2";
			developmentRegion = English;
			hasScannedForEncodings = 0;
			knownRegions = (
				en,
				Base,
			);
			mainGroup = D70D72B11C6FD7FA005A722E;
			productRefGroup = D70D72BB1C6FD7FA005A722E /* Products */;
			projectDirPath = "";
			projectReferences = (
				{
					ProductGroup = 7EC9F4741E1AAAA200B0C82F /* Products */;
					ProjectRef = 7EC9F4731E1AAAA200B0C82F /* TranslateKit.xcodeproj */;
				},
			);
			projectRoot = "";
			targets = (
				D70D72B91C6FD7FA005A722E /* weTranslate */,
				D70D72CD1C6FD7FA005A722E /* weTranslateTests */,
			);
		};
/* End PBXProject section */

/* Begin PBXReferenceProxy section */
		7EC9F4791E1AAAA200B0C82F /* TranslateKit.framework */ = {
			isa = PBXReferenceProxy;
			fileType = wrapper.framework;
			path = TranslateKit.framework;
			remoteRef = 7EC9F4781E1AAAA200B0C82F /* PBXContainerItemProxy */;
			sourceTree = BUILT_PRODUCTS_DIR;
		};
		7EC9F47B1E1AAAA200B0C82F /* TranslateKitTests.xctest */ = {
			isa = PBXReferenceProxy;
			fileType = wrapper.cfbundle;
			path = TranslateKitTests.xctest;
			remoteRef = 7EC9F47A1E1AAAA200B0C82F /* PBXContainerItemProxy */;
			sourceTree = BUILT_PRODUCTS_DIR;
		};
/* End PBXReferenceProxy section */

/* Begin PBXResourcesBuildPhase section */
		D70D72B81C6FD7FA005A722E /* Resources */ = {
			isa = PBXResourcesBuildPhase;
			buildActionMask = 2147483647;
			files = (
				D753A3E21C81835C0077ED64 /* Assets.xcassets in Resources */,
				D753A3E51C81835C0077ED64 /* Localizable.strings in Resources */,
				D753A3E31C81835C0077ED64 /* LaunchScreen.storyboard in Resources */,
				D753A3E61C81835C0077ED64 /* weTranslate.entitlements in Resources */,
				D7DFF54D1C8256E5001BFAAC /* Configuration.plist in Resources */,
				D77E50971D4D66110077404E /* FavoriteTableViewCell.xib in Resources */,
			);
			runOnlyForDeploymentPostprocessing = 0;
		};
		D70D72CC1C6FD7FA005A722E /* Resources */ = {
			isa = PBXResourcesBuildPhase;
			buildActionMask = 2147483647;
			files = (
				D703C4071C930B20002B1535 /* favoriteCategoriesStore.json in Resources */,
				D703C4081C930B20002B1535 /* translation.json in Resources */,
			);
			runOnlyForDeploymentPostprocessing = 0;
		};
/* End PBXResourcesBuildPhase section */

/* Begin PBXShellScriptBuildPhase section */
		D753A3D81C8182420077ED64 /* SwiftLint */ = {
			isa = PBXShellScriptBuildPhase;
			buildActionMask = 2147483647;
			files = (
			);
			inputPaths = (
			);
			name = SwiftLint;
			outputPaths = (
			);
			runOnlyForDeploymentPostprocessing = 0;
			shellPath = /bin/sh;
			shellScript = "if which swiftlint >/dev/null; then\n    swiftlint\nelse\n    echo \"warning: SwiftLint not installed, download from https://github.com/realm/SwiftLint\"\nfi";
		};
/* End PBXShellScriptBuildPhase section */

/* Begin PBXSourcesBuildPhase section */
		D70D72B61C6FD7FA005A722E /* Sources */ = {
			isa = PBXSourcesBuildPhase;
			buildActionMask = 2147483647;
			files = (
				D70A601F1C72B0F000A35A30 /* WordViewModel.swift in Sources */,
				D77C655E1C7A576000622275 /* SearchHeaderViewModel.swift in Sources */,
				D787213C1C83CBD200F7D5DB /* NoResultViewModel.swift in Sources */,
				D7AC76F31C710C1600AF540A /* SearchViewController.swift in Sources */,
				D77C655C1C7A118400622275 /* SearchHeaderViewController.swift in Sources */,
				380237DB1C827DF300D4956C /* FavoriteCategoriesCoordinator.swift in Sources */,
				3873D27C1C7D5FE100918AA7 /* Button.swift in Sources */,
				D7AC76F51C7113A700AF540A /* SearchCoordinator.swift in Sources */,
				D70A601D1C72AC1100A35A30 /* WordTableViewCell.swift in Sources */,
				383055801C95DD28005DC906 /* NavigationController.swift in Sources */,
				D7DFF5511C828545001BFAAC /* Localize.swift in Sources */,
				D77C65581C79805600622275 /* Color.swift in Sources */,
				D7AC76F71C71267A00AF540A /* CoordinatorType.swift in Sources */,
				D77C655A1C7987D900622275 /* Font.swift in Sources */,
				380237DF1C827F1000D4956C /* FavoriteCategoryViewModel.swift in Sources */,
				D7AC76ED1C6FF0D200AF540A /* AppCoordinator.swift in Sources */,
				389C820F1C82B1E40075AEB6 /* FavoriteCategory.swift in Sources */,
				D7AC76F11C70EDF400AF540A /* TabBarController.swift in Sources */,
				383F423B1C7A211C00B7C35A /* TranslationView.swift in Sources */,
				38CFF1101C912631000990AC /* FavoritesViewModel.swift in Sources */,
				D70D72BE1C6FD7FA005A722E /* WindowController.swift in Sources */,
				389C82111C82BF150075AEB6 /* FavoriteCategoryStore.swift in Sources */,
				38D0A1711C7D849B00AFEC33 /* Database.swift in Sources */,
				D73E9F5B1C961157005CF3F2 /* FavoriteDetailViewController.swift in Sources */,
				38CFF10E1C9125BC000990AC /* FavoriteTableViewCell.swift in Sources */,
				38CFF1121C9280C7000990AC /* FavoritesViewController.swift in Sources */,
				380237DD1C827E8800D4956C /* FavoriteCategoriesViewController.swift in Sources */,
				D7652CAB1C72D30600D7E709 /* UITableViewCellExtensions.swift in Sources */,
				D73E9F591C95C4AA005CF3F2 /* TranslationViewController.swift in Sources */,
				3828F0751C7A6F9B0023E904 /* TableViewCell.swift in Sources */,
				D78780CD1C8362700038F177 /* NoResultView.swift in Sources */,
				D78780CB1C835BFB0038F177 /* LoadingTableViewCell.swift in Sources */,
				D77C65601C7A5BE400622275 /* Animation.swift in Sources */,
				389C3B341C8377E900F2A26E /* FavoriteCategoriesTableViewCell.swift in Sources */,
				3830557D1C951704005DC906 /* StringExtensions.swift in Sources */,
				3873D27E1C7D633100918AA7 /* Label.swift in Sources */,
				D77C65551C79033500622275 /* SearchHeaderView.swift in Sources */,
				D73E9F571C952C42005CF3F2 /* TranslationViewModel.swift in Sources */,
			);
			runOnlyForDeploymentPostprocessing = 0;
		};
		D70D72CA1C6FD7FA005A722E /* Sources */ = {
			isa = PBXSourcesBuildPhase;
			buildActionMask = 2147483647;
			files = (
				D7DFF54F1C8276E8001BFAAC /* ConfigurationTests.swift in Sources */,
				389C82131C82D49C0075AEB6 /* FavoriteCategoryStoreTests.swift in Sources */,
				D703C4021C92F8FF002B1535 /* CassetteLoader.swift in Sources */,
				D70D72D31C6FD7FA005A722E /* weTranslateTests.swift in Sources */,
			);
			runOnlyForDeploymentPostprocessing = 0;
		};
/* End PBXSourcesBuildPhase section */

/* Begin PBXTargetDependency section */
		7EC9F47F1E1AAAEE00B0C82F /* PBXTargetDependency */ = {
			isa = PBXTargetDependency;
			name = TranslateKit;
			targetProxy = 7EC9F47E1E1AAAEE00B0C82F /* PBXContainerItemProxy */;
		};
		D70D72D01C6FD7FA005A722E /* PBXTargetDependency */ = {
			isa = PBXTargetDependency;
			target = D70D72B91C6FD7FA005A722E /* weTranslate */;
			targetProxy = D70D72CF1C6FD7FA005A722E /* PBXContainerItemProxy */;
		};
/* End PBXTargetDependency section */

/* Begin PBXVariantGroup section */
		D753A3DD1C81835C0077ED64 /* LaunchScreen.storyboard */ = {
			isa = PBXVariantGroup;
			children = (
				D753A3DE1C81835C0077ED64 /* Base */,
			);
			name = LaunchScreen.storyboard;
			sourceTree = "<group>";
		};
/* End PBXVariantGroup section */

/* Begin XCBuildConfiguration section */
		D70D72E01C6FD7FA005A722E /* Debug */ = {
			isa = XCBuildConfiguration;
			buildSettings = {
				ALWAYS_SEARCH_USER_PATHS = NO;
				CLANG_CXX_LANGUAGE_STANDARD = "gnu++0x";
				CLANG_CXX_LIBRARY = "libc++";
				CLANG_ENABLE_MODULES = YES;
				CLANG_ENABLE_OBJC_ARC = YES;
				CLANG_WARN_BOOL_CONVERSION = YES;
				CLANG_WARN_CONSTANT_CONVERSION = YES;
				CLANG_WARN_DIRECT_OBJC_ISA_USAGE = YES_ERROR;
				CLANG_WARN_EMPTY_BODY = YES;
				CLANG_WARN_ENUM_CONVERSION = YES;
				CLANG_WARN_INT_CONVERSION = YES;
				CLANG_WARN_OBJC_ROOT_CLASS = YES_ERROR;
				CLANG_WARN_UNREACHABLE_CODE = YES;
				CLANG_WARN__DUPLICATE_METHOD_MATCH = YES;
				"CODE_SIGN_IDENTITY[sdk=iphoneos*]" = "iPhone Developer";
				COPY_PHASE_STRIP = NO;
				DEBUG_INFORMATION_FORMAT = dwarf;
				ENABLE_STRICT_OBJC_MSGSEND = YES;
				ENABLE_TESTABILITY = YES;
				GCC_C_LANGUAGE_STANDARD = gnu99;
				GCC_DYNAMIC_NO_PIC = NO;
				GCC_NO_COMMON_BLOCKS = YES;
				GCC_OPTIMIZATION_LEVEL = 0;
				GCC_PREPROCESSOR_DEFINITIONS = (
					"DEBUG=1",
					"$(inherited)",
				);
				GCC_WARN_64_TO_32_BIT_CONVERSION = YES;
				GCC_WARN_ABOUT_RETURN_TYPE = YES_ERROR;
				GCC_WARN_UNDECLARED_SELECTOR = YES;
				GCC_WARN_UNINITIALIZED_AUTOS = YES_AGGRESSIVE;
				GCC_WARN_UNUSED_FUNCTION = YES;
				GCC_WARN_UNUSED_VARIABLE = YES;
				IPHONEOS_DEPLOYMENT_TARGET = 9.1;
				MTL_ENABLE_DEBUG_INFO = YES;
				ONLY_ACTIVE_ARCH = YES;
				SDKROOT = iphoneos;
				SWIFT_OPTIMIZATION_LEVEL = "-Onone";
			};
			name = Debug;
		};
		D70D72E11C6FD7FA005A722E /* Release */ = {
			isa = XCBuildConfiguration;
			buildSettings = {
				ALWAYS_SEARCH_USER_PATHS = NO;
				CLANG_CXX_LANGUAGE_STANDARD = "gnu++0x";
				CLANG_CXX_LIBRARY = "libc++";
				CLANG_ENABLE_MODULES = YES;
				CLANG_ENABLE_OBJC_ARC = YES;
				CLANG_WARN_BOOL_CONVERSION = YES;
				CLANG_WARN_CONSTANT_CONVERSION = YES;
				CLANG_WARN_DIRECT_OBJC_ISA_USAGE = YES_ERROR;
				CLANG_WARN_EMPTY_BODY = YES;
				CLANG_WARN_ENUM_CONVERSION = YES;
				CLANG_WARN_INT_CONVERSION = YES;
				CLANG_WARN_OBJC_ROOT_CLASS = YES_ERROR;
				CLANG_WARN_UNREACHABLE_CODE = YES;
				CLANG_WARN__DUPLICATE_METHOD_MATCH = YES;
				"CODE_SIGN_IDENTITY[sdk=iphoneos*]" = "iPhone Developer";
				COPY_PHASE_STRIP = NO;
				DEBUG_INFORMATION_FORMAT = "dwarf-with-dsym";
				ENABLE_NS_ASSERTIONS = NO;
				ENABLE_STRICT_OBJC_MSGSEND = YES;
				GCC_C_LANGUAGE_STANDARD = gnu99;
				GCC_NO_COMMON_BLOCKS = YES;
				GCC_WARN_64_TO_32_BIT_CONVERSION = YES;
				GCC_WARN_ABOUT_RETURN_TYPE = YES_ERROR;
				GCC_WARN_UNDECLARED_SELECTOR = YES;
				GCC_WARN_UNINITIALIZED_AUTOS = YES_AGGRESSIVE;
				GCC_WARN_UNUSED_FUNCTION = YES;
				GCC_WARN_UNUSED_VARIABLE = YES;
				IPHONEOS_DEPLOYMENT_TARGET = 9.1;
				MTL_ENABLE_DEBUG_INFO = NO;
				SDKROOT = iphoneos;
				VALIDATE_PRODUCT = YES;
			};
			name = Release;
		};
		D70D72E31C6FD7FA005A722E /* Debug */ = {
			isa = XCBuildConfiguration;
			buildSettings = {
				ALWAYS_EMBED_SWIFT_STANDARD_LIBRARIES = YES;
				ASSETCATALOG_COMPILER_APPICON_NAME = AppIcon;
				CODE_SIGN_ENTITLEMENTS = weTranslate/Resources/weTranslate.entitlements;
				CODE_SIGN_IDENTITY = "iPhone Developer";
				"CODE_SIGN_IDENTITY[sdk=iphoneos*]" = "iPhone Developer";
				EMBEDDED_CONTENT_CONTAINS_SWIFT = YES;
				FRAMEWORK_SEARCH_PATHS = (
					"$(inherited)",
					"$(PROJECT_DIR)/Carthage/Build/iOS",
				);
				INFOPLIST_FILE = "$(SRCROOT)/weTranslate/Resources/Info.plist";
				LD_RUNPATH_SEARCH_PATHS = "$(inherited) @executable_path/Frameworks";
				PRODUCT_BUNDLE_IDENTIFIER = com.fluen.fluenapp;
				PRODUCT_NAME = "$(TARGET_NAME)";
				PROVISIONING_PROFILE = "";
				SWIFT_VERSION = 2.3;
			};
			name = Debug;
		};
		D70D72E41C6FD7FA005A722E /* Release */ = {
			isa = XCBuildConfiguration;
			buildSettings = {
				ALWAYS_EMBED_SWIFT_STANDARD_LIBRARIES = YES;
				ASSETCATALOG_COMPILER_APPICON_NAME = AppIcon;
				CODE_SIGN_ENTITLEMENTS = weTranslate/Resources/weTranslate.entitlements;
				CODE_SIGN_IDENTITY = "iPhone Developer";
				"CODE_SIGN_IDENTITY[sdk=iphoneos*]" = "iPhone Developer";
				EMBEDDED_CONTENT_CONTAINS_SWIFT = YES;
				FRAMEWORK_SEARCH_PATHS = (
					"$(inherited)",
					"$(PROJECT_DIR)/Carthage/Build/iOS",
				);
				INFOPLIST_FILE = "$(SRCROOT)/weTranslate/Resources/Info.plist";
				LD_RUNPATH_SEARCH_PATHS = "$(inherited) @executable_path/Frameworks";
				PRODUCT_BUNDLE_IDENTIFIER = com.fluen.fluenapp;
				PRODUCT_NAME = "$(TARGET_NAME)";
				PROVISIONING_PROFILE = "";
				SWIFT_VERSION = 2.3;
			};
			name = Release;
		};
		D70D72E61C6FD7FA005A722E /* Debug */ = {
			isa = XCBuildConfiguration;
			buildSettings = {
				BUNDLE_LOADER = "$(TEST_HOST)";
				FRAMEWORK_SEARCH_PATHS = (
					"$(inherited)",
					"$(PROJECT_DIR)/Carthage/Build/iOS",
				);
				INFOPLIST_FILE = weTranslateTests/Info.plist;
				LD_RUNPATH_SEARCH_PATHS = "$(inherited) @executable_path/Frameworks @loader_path/Frameworks";
				PRODUCT_BUNDLE_IDENTIFIER = com.wetranslate.weTranslateTests;
				PRODUCT_NAME = "$(TARGET_NAME)";
				TEST_HOST = "$(BUILT_PRODUCTS_DIR)/weTranslate.app/weTranslate";
			};
			name = Debug;
		};
		D70D72E71C6FD7FA005A722E /* Release */ = {
			isa = XCBuildConfiguration;
			buildSettings = {
				BUNDLE_LOADER = "$(TEST_HOST)";
				FRAMEWORK_SEARCH_PATHS = (
					"$(inherited)",
					"$(PROJECT_DIR)/Carthage/Build/iOS",
				);
				INFOPLIST_FILE = weTranslateTests/Info.plist;
				LD_RUNPATH_SEARCH_PATHS = "$(inherited) @executable_path/Frameworks @loader_path/Frameworks";
				PRODUCT_BUNDLE_IDENTIFIER = com.wetranslate.weTranslateTests;
				PRODUCT_NAME = "$(TARGET_NAME)";
				TEST_HOST = "$(BUILT_PRODUCTS_DIR)/weTranslate.app/weTranslate";
			};
			name = Release;
		};
/* End XCBuildConfiguration section */

/* Begin XCConfigurationList section */
		D70D72B51C6FD7FA005A722E /* Build configuration list for PBXProject "weTranslate" */ = {
			isa = XCConfigurationList;
			buildConfigurations = (
				D70D72E01C6FD7FA005A722E /* Debug */,
				D70D72E11C6FD7FA005A722E /* Release */,
			);
			defaultConfigurationIsVisible = 0;
			defaultConfigurationName = Release;
		};
		D70D72E21C6FD7FA005A722E /* Build configuration list for PBXNativeTarget "weTranslate" */ = {
			isa = XCConfigurationList;
			buildConfigurations = (
				D70D72E31C6FD7FA005A722E /* Debug */,
				D70D72E41C6FD7FA005A722E /* Release */,
			);
			defaultConfigurationIsVisible = 0;
			defaultConfigurationName = Release;
		};
		D70D72E51C6FD7FA005A722E /* Build configuration list for PBXNativeTarget "weTranslateTests" */ = {
			isa = XCConfigurationList;
			buildConfigurations = (
				D70D72E61C6FD7FA005A722E /* Debug */,
				D70D72E71C6FD7FA005A722E /* Release */,
			);
			defaultConfigurationIsVisible = 0;
			defaultConfigurationName = Release;
		};
/* End XCConfigurationList section */
	};
	rootObject = D70D72B21C6FD7FA005A722E /* Project object */;
}
